// !$*UTF8*$!
{
	archiveVersion = 1;
	classes = {
	};
	objectVersion = 46;
	objects = {

/* Begin PBXBuildFile section */
		75DD190119FA78AB0057E091 /* Foundation.framework in Frameworks */ = {isa = PBXBuildFile; fileRef = 75DD190019FA78AB0057E091 /* Foundation.framework */; };
		75DD190319FA78AB0057E091 /* CoreGraphics.framework in Frameworks */ = {isa = PBXBuildFile; fileRef = 75DD190219FA78AB0057E091 /* CoreGraphics.framework */; };
		75DD190519FA78AB0057E091 /* UIKit.framework in Frameworks */ = {isa = PBXBuildFile; fileRef = 75DD190419FA78AB0057E091 /* UIKit.framework */; };
		75DD190B19FA78AB0057E091 /* InfoPlist.strings in Resources */ = {isa = PBXBuildFile; fileRef = 75DD190919FA78AB0057E091 /* InfoPlist.strings */; };
		75DD190D19FA78AB0057E091 /* main.m in Sources */ = {isa = PBXBuildFile; fileRef = 75DD190C19FA78AB0057E091 /* main.m */; };
		75DD191119FA78AB0057E091 /* AppDelegate.m in Sources */ = {isa = PBXBuildFile; fileRef = 75DD191019FA78AB0057E091 /* AppDelegate.m */; };
		75DD191319FA78AB0057E091 /* Images.xcassets in Resources */ = {isa = PBXBuildFile; fileRef = 75DD191219FA78AB0057E091 /* Images.xcassets */; };
		75DD191A19FA78AB0057E091 /* XCTest.framework in Frameworks */ = {isa = PBXBuildFile; fileRef = 75DD191919FA78AB0057E091 /* XCTest.framework */; };
		75DD191B19FA78AB0057E091 /* Foundation.framework in Frameworks */ = {isa = PBXBuildFile; fileRef = 75DD190019FA78AB0057E091 /* Foundation.framework */; };
		75DD191C19FA78AB0057E091 /* UIKit.framework in Frameworks */ = {isa = PBXBuildFile; fileRef = 75DD190419FA78AB0057E091 /* UIKit.framework */; };
		75DD192419FA78AB0057E091 /* InfoPlist.strings in Resources */ = {isa = PBXBuildFile; fileRef = 75DD192219FA78AB0057E091 /* InfoPlist.strings */; };
		75DD192619FA78AB0057E091 /* ZBJDTests.m in Sources */ = {isa = PBXBuildFile; fileRef = 75DD192519FA78AB0057E091 /* ZBJDTests.m */; };
/* End PBXBuildFile section */

/* Begin PBXContainerItemProxy section */
		75DD191D19FA78AB0057E091 /* PBXContainerItemProxy */ = {
			isa = PBXContainerItemProxy;
			containerPortal = 75DD18F519FA78AB0057E091 /* Project object */;
			proxyType = 1;
			remoteGlobalIDString = 75DD18FC19FA78AB0057E091;
			remoteInfo = ZBJD;
		};
/* End PBXContainerItemProxy section */

/* Begin PBXFileReference section */
		75DD18FD19FA78AB0057E091 /* ZBJD.app */ = {isa = PBXFileReference; explicitFileType = wrapper.application; includeInIndex = 0; path = ZBJD.app; sourceTree = BUILT_PRODUCTS_DIR; };
		75DD190019FA78AB0057E091 /* Foundation.framework */ = {isa = PBXFileReference; lastKnownFileType = wrapper.framework; name = Foundation.framework; path = System/Library/Frameworks/Foundation.framework; sourceTree = SDKROOT; };
		75DD190219FA78AB0057E091 /* CoreGraphics.framework */ = {isa = PBXFileReference; lastKnownFileType = wrapper.framework; name = CoreGraphics.framework; path = System/Library/Frameworks/CoreGraphics.framework; sourceTree = SDKROOT; };
		75DD190419FA78AB0057E091 /* UIKit.framework */ = {isa = PBXFileReference; lastKnownFileType = wrapper.framework; name = UIKit.framework; path = System/Library/Frameworks/UIKit.framework; sourceTree = SDKROOT; };
		75DD190819FA78AB0057E091 /* ZBJD-Info.plist */ = {isa = PBXFileReference; lastKnownFileType = text.plist.xml; path = "ZBJD-Info.plist"; sourceTree = "<group>"; };
		75DD190A19FA78AB0057E091 /* en */ = {isa = PBXFileReference; lastKnownFileType = text.plist.strings; name = en; path = en.lproj/InfoPlist.strings; sourceTree = "<group>"; };
		75DD190C19FA78AB0057E091 /* main.m */ = {isa = PBXFileReference; lastKnownFileType = sourcecode.c.objc; path = main.m; sourceTree = "<group>"; };
		75DD190E19FA78AB0057E091 /* ZBJD-Prefix.pch */ = {isa = PBXFileReference; lastKnownFileType = sourcecode.c.h; path = "ZBJD-Prefix.pch"; sourceTree = "<group>"; };
		75DD190F19FA78AB0057E091 /* AppDelegate.h */ = {isa = PBXFileReference; lastKnownFileType = sourcecode.c.h; path = AppDelegate.h; sourceTree = "<group>"; };
		75DD191019FA78AB0057E091 /* AppDelegate.m */ = {isa = PBXFileReference; lastKnownFileType = sourcecode.c.objc; path = AppDelegate.m; sourceTree = "<group>"; };
		75DD191219FA78AB0057E091 /* Images.xcassets */ = {isa = PBXFileReference; lastKnownFileType = folder.assetcatalog; path = Images.xcassets; sourceTree = "<group>"; };
		75DD191819FA78AB0057E091 /* ZBJDTests.xctest */ = {isa = PBXFileReference; explicitFileType = wrapper.cfbundle; includeInIndex = 0; path = ZBJDTests.xctest; sourceTree = BUILT_PRODUCTS_DIR; };
		75DD191919FA78AB0057E091 /* XCTest.framework */ = {isa = PBXFileReference; lastKnownFileType = wrapper.framework; name = XCTest.framework; path = Library/Frameworks/XCTest.framework; sourceTree = DEVELOPER_DIR; };
		75DD192119FA78AB0057E091 /* ZBJDTests-Info.plist */ = {isa = PBXFileReference; lastKnownFileType = text.plist.xml; path = "ZBJDTests-Info.plist"; sourceTree = "<group>"; };
		75DD192319FA78AB0057E091 /* en */ = {isa = PBXFileReference; lastKnownFileType = text.plist.strings; name = en; path = en.lproj/InfoPlist.strings; sourceTree = "<group>"; };
		75DD192519FA78AB0057E091 /* ZBJDTests.m */ = {isa = PBXFileReference; lastKnownFileType = sourcecode.c.objc; path = ZBJDTests.m; sourceTree = "<group>"; };
/* End PBXFileReference section */

/* Begin PBXFrameworksBuildPhase section */
		75DD18FA19FA78AB0057E091 /* Frameworks */ = {
			isa = PBXFrameworksBuildPhase;
			buildActionMask = 2147483647;
			files = (
				75DD190319FA78AB0057E091 /* CoreGraphics.framework in Frameworks */,
				75DD190519FA78AB0057E091 /* UIKit.framework in Frameworks */,
				75DD190119FA78AB0057E091 /* Foundation.framework in Frameworks */,
			);
			runOnlyForDeploymentPostprocessing = 0;
		};
		75DD191519FA78AB0057E091 /* Frameworks */ = {
			isa = PBXFrameworksBuildPhase;
			buildActionMask = 2147483647;
			files = (
				75DD191A19FA78AB0057E091 /* XCTest.framework in Frameworks */,
				75DD191C19FA78AB0057E091 /* UIKit.framework in Frameworks */,
				75DD191B19FA78AB0057E091 /* Foundation.framework in Frameworks */,
			);
			runOnlyForDeploymentPostprocessing = 0;
		};
/* End PBXFrameworksBuildPhase section */

/* Begin PBXGroup section */
		75DD18F419FA78AB0057E091 = {
			isa = PBXGroup;
			children = (
				75DD190619FA78AB0057E091 /* ZBJD */,
				75DD191F19FA78AB0057E091 /* ZBJDTests */,
				75DD18FF19FA78AB0057E091 /* Frameworks */,
				75DD18FE19FA78AB0057E091 /* Products */,
			);
			sourceTree = "<group>";
		};
		75DD18FE19FA78AB0057E091 /* Products */ = {
			isa = PBXGroup;
			children = (
				75DD18FD19FA78AB0057E091 /* ZBJD.app */,
				75DD191819FA78AB0057E091 /* ZBJDTests.xctest */,
			);
			name = Products;
			sourceTree = "<group>";
		};
		75DD18FF19FA78AB0057E091 /* Frameworks */ = {
			isa = PBXGroup;
			children = (
				75DD190019FA78AB0057E091 /* Foundation.framework */,
				75DD190219FA78AB0057E091 /* CoreGraphics.framework */,
				75DD190419FA78AB0057E091 /* UIKit.framework */,
				75DD191919FA78AB0057E091 /* XCTest.framework */,
			);
			name = Frameworks;
			sourceTree = "<group>";
		};
		75DD190619FA78AB0057E091 /* ZBJD */ = {
			isa = PBXGroup;
			children = (
				75DD190F19FA78AB0057E091 /* AppDelegate.h */,
				75DD191019FA78AB0057E091 /* AppDelegate.m */,
				75DD191219FA78AB0057E091 /* Images.xcassets */,
				75DD190719FA78AB0057E091 /* Supporting Files */,
			);
			path = ZBJD;
			sourceTree = "<group>";
		};
		75DD190719FA78AB0057E091 /* Supporting Files */ = {
			isa = PBXGroup;
			children = (
				75DD190819FA78AB0057E091 /* ZBJD-Info.plist */,
				75DD190919FA78AB0057E091 /* InfoPlist.strings */,
				75DD190C19FA78AB0057E091 /* main.m */,
				75DD190E19FA78AB0057E091 /* ZBJD-Prefix.pch */,
			);
			name = "Supporting Files";
			sourceTree = "<group>";
		};
		75DD191F19FA78AB0057E091 /* ZBJDTests */ = {
			isa = PBXGroup;
			children = (
				75DD192519FA78AB0057E091 /* ZBJDTests.m */,
				75DD192019FA78AB0057E091 /* Supporting Files */,
			);
			path = ZBJDTests;
			sourceTree = "<group>";
		};
		75DD192019FA78AB0057E091 /* Supporting Files */ = {
			isa = PBXGroup;
			children = (
				75DD192119FA78AB0057E091 /* ZBJDTests-Info.plist */,
				75DD192219FA78AB0057E091 /* InfoPlist.strings */,
			);
			name = "Supporting Files";
			sourceTree = "<group>";
		};
/* End PBXGroup section */

/* Begin PBXNativeTarget section */
		75DD18FC19FA78AB0057E091 /* ZBJD */ = {
			isa = PBXNativeTarget;
			buildConfigurationList = 75DD192919FA78AB0057E091 /* Build configuration list for PBXNativeTarget "ZBJD" */;
			buildPhases = (
				75DD18F919FA78AB0057E091 /* Sources */,
				75DD18FA19FA78AB0057E091 /* Frameworks */,
				75DD18FB19FA78AB0057E091 /* Resources */,
			);
			buildRules = (
			);
			dependencies = (
			);
			name = ZBJD;
			productName = ZBJD;
			productReference = 75DD18FD19FA78AB0057E091 /* ZBJD.app */;
			productType = "com.apple.product-type.application";
		};
		75DD191719FA78AB0057E091 /* ZBJDTests */ = {
			isa = PBXNativeTarget;
			buildConfigurationList = 75DD192C19FA78AB0057E091 /* Build configuration list for PBXNativeTarget "ZBJDTests" */;
			buildPhases = (
				75DD191419FA78AB0057E091 /* Sources */,
				75DD191519FA78AB0057E091 /* Frameworks */,
				75DD191619FA78AB0057E091 /* Resources */,
			);
			buildRules = (
			);
			dependencies = (
				75DD191E19FA78AB0057E091 /* PBXTargetDependency */,
			);
			name = ZBJDTests;
			productName = ZBJDTests;
			productReference = 75DD191819FA78AB0057E091 /* ZBJDTests.xctest */;
			productType = "com.apple.product-type.bundle.unit-test";
		};
/* End PBXNativeTarget section */

/* Begin PBXProject section */
		75DD18F519FA78AB0057E091 /* Project object */ = {
			isa = PBXProject;
			attributes = {
				LastUpgradeCheck = 0510;
				ORGANIZATIONNAME = "Ye Fan";
				TargetAttributes = {
					75DD191719FA78AB0057E091 = {
						TestTargetID = 75DD18FC19FA78AB0057E091;
					};
				};
			};
			buildConfigurationList = 75DD18F819FA78AB0057E091 /* Build configuration list for PBXProject "ZBJD" */;
			compatibilityVersion = "Xcode 3.2";
			developmentRegion = English;
			hasScannedForEncodings = 0;
			knownRegions = (
				en,
			);
			mainGroup = 75DD18F419FA78AB0057E091;
			productRefGroup = 75DD18FE19FA78AB0057E091 /* Products */;
			projectDirPath = "";
			projectRoot = "";
			targets = (
				75DD18FC19FA78AB0057E091 /* ZBJD */,
				75DD191719FA78AB0057E091 /* ZBJDTests */,
			);
		};
/* End PBXProject section */

/* Begin PBXResourcesBuildPhase section */
		75DD18FB19FA78AB0057E091 /* Resources */ = {
			isa = PBXResourcesBuildPhase;
			buildActionMask = 2147483647;
			files = (
				75DD190B19FA78AB0057E091 /* InfoPlist.strings in Resources */,
				75DD191319FA78AB0057E091 /* Images.xcassets in Resources */,
			);
			runOnlyForDeploymentPostprocessing = 0;
		};
		75DD191619FA78AB0057E091 /* Resources */ = {
			isa = PBXResourcesBuildPhase;
			buildActionMask = 2147483647;
			files = (
				75DD192419FA78AB0057E091 /* InfoPlist.strings in Resources */,
			);
			runOnlyForDeploymentPostprocessing = 0;
		};
/* End PBXResourcesBuildPhase section */

/* Begin PBXSourcesBuildPhase section */
		75DD18F919FA78AB0057E091 /* Sources */ = {
			isa = PBXSourcesBuildPhase;
			buildActionMask = 2147483647;
			files = (
				75DD191119FA78AB0057E091 /* AppDelegate.m in Sources */,
				75DD190D19FA78AB0057E091 /* main.m in Sources */,
			);
			runOnlyForDeploymentPostprocessing = 0;
		};
		75DD191419FA78AB0057E091 /* Sources */ = {
			isa = PBXSourcesBuildPhase;
			buildActionMask = 2147483647;
			files = (
				75DD192619FA78AB0057E091 /* ZBJDTests.m in Sources */,
			);
			runOnlyForDeploymentPostprocessing = 0;
		};
/* End PBXSourcesBuildPhase section */

/* Begin PBXTargetDependency section */
		75DD191E19FA78AB0057E091 /* PBXTargetDependency */ = {
			isa = PBXTargetDependency;
			target = 75DD18FC19FA78AB0057E091 /* ZBJD */;
			targetProxy = 75DD191D19FA78AB0057E091 /* PBXContainerItemProxy */;
		};
/* End PBXTargetDependency section */

/* Begin PBXVariantGroup section */
		75DD190919FA78AB0057E091 /* InfoPlist.strings */ = {
			isa = PBXVariantGroup;
			children = (
				75DD190A19FA78AB0057E091 /* en */,
			);
			name = InfoPlist.strings;
			sourceTree = "<group>";
		};
		75DD192219FA78AB0057E091 /* InfoPlist.strings */ = {
			isa = PBXVariantGroup;
			children = (
				75DD192319FA78AB0057E091 /* en */,
			);
			name = InfoPlist.strings;
			sourceTree = "<group>";
		};
/* End PBXVariantGroup section */

/* Begin XCBuildConfiguration section */
		75DD192719FA78AB0057E091 /* Debug */ = {
			isa = XCBuildConfiguration;
			buildSettings = {
				ALWAYS_SEARCH_USER_PATHS = NO;
				CLANG_CXX_LANGUAGE_STANDARD = "gnu++0x";
				CLANG_CXX_LIBRARY = "libc++";
				CLANG_ENABLE_MODULES = YES;
				CLANG_ENABLE_OBJC_ARC = YES;
				CLANG_WARN_BOOL_CONVERSION = YES;
				CLANG_WARN_CONSTANT_CONVERSION = YES;
				CLANG_WARN_DIRECT_OBJC_ISA_USAGE = YES_ERROR;
				CLANG_WARN_EMPTY_BODY = YES;
				CLANG_WARN_ENUM_CONVERSION = YES;
				CLANG_WARN_INT_CONVERSION = YES;
				CLANG_WARN_OBJC_ROOT_CLASS = YES_ERROR;
				CLANG_WARN__DUPLICATE_METHOD_MATCH = YES;
				"CODE_SIGN_IDENTITY[sdk=iphoneos*]" = "iPhone Developer";
				COPY_PHASE_STRIP = NO;
				GCC_C_LANGUAGE_STANDARD = gnu99;
				GCC_DYNAMIC_NO_PIC = NO;
				GCC_OPTIMIZATION_LEVEL = 0;
				GCC_PREPROCESSOR_DEFINITIONS = (
					"DEBUG=1",
					"$(inherited)",
				);
				GCC_SYMBOLS_PRIVATE_EXTERN = NO;
				GCC_WARN_64_TO_32_BIT_CONVERSION = YES;
				GCC_WARN_ABOUT_RETURN_TYPE = YES_ERROR;
				GCC_WARN_UNDECLARED_SELECTOR = YES;
				GCC_WARN_UNINITIALIZED_AUTOS = YES_AGGRESSIVE;
				GCC_WARN_UNUSED_FUNCTION = YES;
				GCC_WARN_UNUSED_VARIABLE = YES;
				IPHONEOS_DEPLOYMENT_TARGET = 7.1;
				ONLY_ACTIVE_ARCH = YES;
				SDKROOT = iphoneos;
			};
			name = Debug;
		};
		75DD192819FA78AB0057E091 /* Release */ = {
			isa = XCBuildConfiguration;
			buildSettings = {
				ALWAYS_SEARCH_USER_PATHS = NO;
				CLANG_CXX_LANGUAGE_STANDARD = "gnu++0x";
				CLANG_CXX_LIBRARY = "libc++";
				CLANG_ENABLE_MODULES = YES;
				CLANG_ENABLE_OBJC_ARC = YES;
				CLANG_WARN_BOOL_CONVERSION = YES;
				CLANG_WARN_CONSTANT_CONVERSION = YES;
				CLANG_WARN_DIRECT_OBJC_ISA_USAGE = YES_ERROR;
				CLANG_WARN_EMPTY_BODY = YES;
				CLANG_WARN_ENUM_CONVERSION = YES;
				CLANG_WARN_INT_CONVERSION = YES;
				CLANG_WARN_OBJC_ROOT_CLASS = YES_ERROR;
				CLANG_WARN__DUPLICATE_METHOD_MATCH = YES;
				"CODE_SIGN_IDENTITY[sdk=iphoneos*]" = "iPhone Developer";
				COPY_PHASE_STRIP = YES;
				ENABLE_NS_ASSERTIONS = NO;
				GCC_C_LANGUAGE_STANDARD = gnu99;
				GCC_WARN_64_TO_32_BIT_CONVERSION = YES;
				GCC_WARN_ABOUT_RETURN_TYPE = YES_ERROR;
				GCC_WARN_UNDECLARED_SELECTOR = YES;
				GCC_WARN_UNINITIALIZED_AUTOS = YES_AGGRESSIVE;
				GCC_WARN_UNUSED_FUNCTION = YES;
				GCC_WARN_UNUSED_VARIABLE = YES;
				IPHONEOS_DEPLOYMENT_TARGET = 7.1;
				SDKROOT = iphoneos;
				VALIDATE_PRODUCT = YES;
			};
			name = Release;
		};
		75DD192A19FA78AB0057E091 /* Debug */ = {
			isa = XCBuildConfiguration;
			buildSettings = {
				ASSETCATALOG_COMPILER_APPICON_NAME = AppIcon;
				ASSETCATALOG_COMPILER_LAUNCHIMAGE_NAME = LaunchImage;
				GCC_PRECOMPILE_PREFIX_HEADER = YES;
				GCC_PREFIX_HEADER = "ZBJD/ZBJD-Prefix.pch";
				INFOPLIST_FILE = "ZBJD/ZBJD-Info.plist";
				PRODUCT_NAME = "$(TARGET_NAME)";
				WRAPPER_EXTENSION = app;
			};
			name = Debug;
		};
		75DD192B19FA78AB0057E091 /* Release */ = {
			isa = XCBuildConfiguration;
			buildSettings = {
				ASSETCATALOG_COMPILER_APPICON_NAME = AppIcon;
				ASSETCATALOG_COMPILER_LAUNCHIMAGE_NAME = LaunchImage;
				GCC_PRECOMPILE_PREFIX_HEADER = YES;
				GCC_PREFIX_HEADER = "ZBJD/ZBJD-Prefix.pch";
				INFOPLIST_FILE = "ZBJD/ZBJD-Info.plist";
				PRODUCT_NAME = "$(TARGET_NAME)";
				WRAPPER_EXTENSION = app;
			};
			name = Release;
		};
		75DD192D19FA78AB0057E091 /* Debug */ = {
			isa = XCBuildConfiguration;
			buildSettings = {
				BUNDLE_LOADER = "$(BUILT_PRODUCTS_DIR)/ZBJD.app/ZBJD";
				FRAMEWORK_SEARCH_PATHS = (
					"$(SDKROOT)/Developer/Library/Frameworks",
					"$(inherited)",
					"$(DEVELOPER_FRAMEWORKS_DIR)",
				);
				GCC_PRECOMPILE_PREFIX_HEADER = YES;
				GCC_PREFIX_HEADER = "ZBJD/ZBJD-Prefix.pch";
				GCC_PREPROCESSOR_DEFINITIONS = (
					"DEBUG=1",
					"$(inherited)",
				);
				INFOPLIST_FILE = "ZBJDTests/ZBJDTests-Info.plist";
				PRODUCT_NAME = "$(TARGET_NAME)";
				TEST_HOST = "$(BUNDLE_LOADER)";
				WRAPPER_EXTENSION = xctest;
			};
			name = Debug;
		};
		75DD192E19FA78AB0057E091 /* Release */ = {
			isa = XCBuildConfiguration;
			buildSettings = {
				BUNDLE_LOADER = "$(BUILT_PRODUCTS_DIR)/ZBJD.app/ZBJD";
				FRAMEWORK_SEARCH_PATHS = (
					"$(SDKROOT)/Developer/Library/Frameworks",
					"$(inherited)",
					"$(DEVELOPER_FRAMEWORKS_DIR)",
				);
				GCC_PRECOMPILE_PREFIX_HEADER = YES;
				GCC_PREFIX_HEADER = "ZBJD/ZBJD-Prefix.pch";
				INFOPLIST_FILE = "ZBJDTests/ZBJDTests-Info.plist";
				PRODUCT_NAME = "$(TARGET_NAME)";
				TEST_HOST = "$(BUNDLE_LOADER)";
				WRAPPER_EXTENSION = xctest;
			};
			name = Release;
		};
/* End XCBuildConfiguration section */

/* Begin XCConfigurationList section */
		75DD18F819FA78AB0057E091 /* Build configuration list for PBXProject "ZBJD" */ = {
			isa = XCConfigurationList;
			buildConfigurations = (
				75DD192719FA78AB0057E091 /* Debug */,
				75DD192819FA78AB0057E091 /* Release */,
			);
			defaultConfigurationIsVisible = 0;
			defaultConfigurationName = Release;
		};
		75DD192919FA78AB0057E091 /* Build configuration list for PBXNativeTarget "ZBJD" */ = {
			isa = XCConfigurationList;
			buildConfigurations = (
				75DD192A19FA78AB0057E091 /* Debug */,
				75DD192B19FA78AB0057E091 /* Release */,
			);
			defaultConfigurationIsVisible = 0;
		};
		75DD192C19FA78AB0057E091 /* Build configuration list for PBXNativeTarget "ZBJDTests" */ = {
			isa = XCConfigurationList;
			buildConfigurations = (
				75DD192D19FA78AB0057E091 /* Debug */,
				75DD192E19FA78AB0057E091 /* Release */,
			);
			defaultConfigurationIsVisible = 0;
		};
/* End XCConfigurationList section */
	};
	rootObject = 75DD18F519FA78AB0057E091 /* Project object */;
}
